<?xml version="1.0" encoding="utf-8"?>
<Project ToolsVersion="4.0" xmlns="http://schemas.microsoft.com/developer/msbuild/2003">
  <ItemGroup>
    <Filter Include="源文件">
      <UniqueIdentifier>{4FC737F1-C7A5-4376-A066-2A32D752A2FF}</UniqueIdentifier>
      <Extensions>cpp;c;cc;cxx;c++;cppm;ixx;def;odl;idl;hpj;bat;asm;asmx</Extensions>
    </Filter>
    <Filter Include="头文件">
      <UniqueIdentifier>{93995380-89BD-4b04-88EB-625FBE52EBFB}</UniqueIdentifier>
      <Extensions>h;hh;hpp;hxx;h++;hm;inl;inc;ipp;xsd</Extensions>
    </Filter>
    <Filter Include="资源文件">
      <UniqueIdentifier>{67DA6AB6-F800-4c08-8B7A-83BB121AAD01}</UniqueIdentifier>
      <Extensions>rc;ico;cur;bmp;dlg;rc2;rct;bin;rgs;gif;jpg;jpeg;jpe;resx;tiff;tif;png;wav;mfcribbon-ms</Extensions>
    </Filter>
    <Filter Include="ImGui">
      <UniqueIdentifier>{16bc9b2b-eb71-4aec-ab08-9cc49e42cef0}</UniqueIdentifier>
    </Filter>
    <Filter Include="SDK">
      <UniqueIdentifier>{379912e2-81c7-4868-bc04-9a9a111e4e0a}</UniqueIdentifier>
    </Filter>
    <Filter Include="内存功能">
      <UniqueIdentifier>{0d3de5da-0ac0-4df7-a479-057e4019a566}</UniqueIdentifier>
    </Filter>
    <Filter Include="数据声明">
      <UniqueIdentifier>{b5307911-5c14-44df-a64b-4879800473df}</UniqueIdentifier>
    </Filter>
    <Filter Include="实用功能">
      <UniqueIdentifier>{d43b07e7-f40a-48d1-bdce-ff33000ad752}</UniqueIdentifier>
    </Filter>
    <Filter Include="HOOK">
      <UniqueIdentifier>{04a5fefb-d844-43fa-9d02-ff978ca5c862}</UniqueIdentifier>
    </Filter>
    <Filter Include="游戏内容">
      <UniqueIdentifier>{57a20589-c86a-40b7-a029-83a56ee899f8}</UniqueIdentifier>
    </Filter>
    <Filter Include="Lua">
      <UniqueIdentifier>{6f2fce8c-ac05-4b21-b941-a26599c31f1f}</UniqueIdentifier>
    </Filter>
  </ItemGroup>
  <ItemGroup>
    <ClInclude Include="pch.h">
      <Filter>头文件</Filter>
    </ClInclude>
    <ClInclude Include="ImGui\alifont.hpp">
      <Filter>ImGui</Filter>
    </ClInclude>
    <ClInclude Include="ImGui\baidu_font.hpp">
      <Filter>ImGui</Filter>
    </ClInclude>
    <ClInclude Include="ImGui\imconfig.h">
      <Filter>ImGui</Filter>
    </ClInclude>
    <ClInclude Include="ImGui\imgui.h">
      <Filter>ImGui</Filter>
    </ClInclude>
    <ClInclude Include="ImGui\imgui_impl_dx11.h">
      <Filter>ImGui</Filter>
    </ClInclude>
    <ClInclude Include="ImGui\imgui_impl_win32.h">
      <Filter>ImGui</Filter>
    </ClInclude>
    <ClInclude Include="ImGui\imgui_internal.h">
      <Filter>ImGui</Filter>
    </ClInclude>
    <ClInclude Include="ImGui\imstb_rectpack.h">
      <Filter>ImGui</Filter>
    </ClInclude>
    <ClInclude Include="ImGui\imstb_textedit.h">
      <Filter>ImGui</Filter>
    </ClInclude>
    <ClInclude Include="ImGui\imstb_truetype.h">
      <Filter>ImGui</Filter>
    </ClInclude>
    <ClInclude Include="ImGui\sytpe.hpp">
      <Filter>ImGui</Filter>
    </ClInclude>
    <ClInclude Include="SDK\ClipboardExample.h">
      <Filter>SDK</Filter>
    </ClInclude>
    <ClInclude Include="SDK\Helpers.h">
      <Filter>SDK</Filter>
    </ClInclude>
    <ClInclude Include="ImGuiWin.h">
      <Filter>头文件</Filter>
    </ClInclude>
    <ClInclude Include="内存_本人相关.h">
      <Filter>内存功能</Filter>
    </ClInclude>
    <ClInclude Include="内存_UI相关.h">
      <Filter>内存功能</Filter>
    </ClInclude>
    <ClInclude Include="内存_背包相关.h">
      <Filter>内存功能</Filter>
    </ClInclude>
    <ClInclude Include="内存_地图相关.h">
      <Filter>内存功能</Filter>
    </ClInclude>
    <ClInclude Include="内存_登陆相关.h">
      <Filter>内存功能</Filter>
    </ClInclude>
    <ClInclude Include="内存_环境相关.h">
      <Filter>内存功能</Filter>
    </ClInclude>
    <ClInclude Include="内存_技能相关.h">
      <Filter>内存功能</Filter>
    </ClInclude>
    <ClInclude Include="全局变量.h">
      <Filter>数据声明</Filter>
    </ClInclude>
    <ClInclude Include="DbgPrint.h">
      <Filter>实用功能</Filter>
    </ClInclude>
    <ClInclude Include="FlowerDream.h">
      <Filter>实用功能</Filter>
    </ClInclude>
    <ClInclude Include="golbalApi.h">
      <Filter>实用功能</Filter>
    </ClInclude>
    <ClInclude Include="WMCopyData.h">
      <Filter>实用功能</Filter>
    </ClInclude>
    <ClInclude Include="通用功能.h">
      <Filter>实用功能</Filter>
    </ClInclude>
    <ClInclude Include="Thread.h">
      <Filter>实用功能</Filter>
    </ClInclude>
    <ClInclude Include="自定义数据类型.h">
      <Filter>数据声明</Filter>
    </ClInclude>
    <ClInclude Include="内存_通用数据.h">
      <Filter>内存功能</Filter>
    </ClInclude>
    <ClInclude Include="常量.h">
      <Filter>数据声明</Filter>
    </ClInclude>
    <ClInclude Include="内存_新手相关.h">
      <Filter>内存功能</Filter>
    </ClInclude>
    <ClInclude Include="hook_api.h">
      <Filter>HOOK</Filter>
    </ClInclude>
    <ClInclude Include="detours.h">
      <Filter>HOOK</Filter>
    </ClInclude>
    <ClInclude Include="detver.h">
      <Filter>HOOK</Filter>
    </ClInclude>
    <ClInclude Include="dthookapi.h">
      <Filter>HOOK</Filter>
    </ClInclude>
    <ClInclude Include="游戏_主线.h">
      <Filter>游戏内容</Filter>
    </ClInclude>
    <ClInclude Include="内存_任务相关.h">
      <Filter>内存功能</Filter>
    </ClInclude>
    <ClInclude Include="配置读取.h">
      <Filter>头文件</Filter>
    </ClInclude>
    <ClInclude Include="内存_签到邮件.h">
      <Filter>内存功能</Filter>
    </ClInclude>
    <ClInclude Include="内存_NPC商店.h">
      <Filter>内存功能</Filter>
    </ClInclude>
    <ClInclude Include="内存_钓鱼相关.h">
      <Filter>内存功能</Filter>
    </ClInclude>
    <ClInclude Include="XHideDll.h">
      <Filter>头文件</Filter>
    </ClInclude>
    <ClInclude Include="内存_航海相关.h">
      <Filter>内存功能</Filter>
    </ClInclude>
    <ClInclude Include="内存_混沌副本相关.h">
      <Filter>内存功能</Filter>
    </ClInclude>
    <ClInclude Include="内存_能力刻印相关.h">
      <Filter>内存功能</Filter>
    </ClInclude>
    <ClInclude Include="MyCallFunction.h">
      <Filter>头文件</Filter>
    </ClInclude>
    <ClInclude Include="luaFunc.h">
      <Filter>Lua</Filter>
    </ClInclude>
    <ClInclude Include="常用功能.h">
      <Filter>头文件</Filter>
    </ClInclude>
    <ClInclude Include="内存_周常任务.h">
      <Filter>内存功能</Filter>
    </ClInclude>
  </ItemGroup>
  <ItemGroup>
    <ClCompile Include="dllmain.cpp">
      <Filter>源文件</Filter>
    </ClCompile>
    <ClCompile Include="ImGui\imgui.cpp">
      <Filter>ImGui</Filter>
    </ClCompile>
    <ClCompile Include="ImGui\imgui_demo.cpp">
      <Filter>ImGui</Filter>
    </ClCompile>
    <ClCompile Include="ImGui\imgui_draw.cpp">
      <Filter>ImGui</Filter>
    </ClCompile>
    <ClCompile Include="ImGui\imgui_impl_dx11.cpp">
      <Filter>ImGui</Filter>
    </ClCompile>
    <ClCompile Include="ImGui\imgui_impl_win32.cpp">
      <Filter>ImGui</Filter>
    </ClCompile>
    <ClCompile Include="ImGui\imgui_tables.cpp">
      <Filter>ImGui</Filter>
    </ClCompile>
    <ClCompile Include="ImGui\imgui_widgets.cpp">
      <Filter>ImGui</Filter>
    </ClCompile>
    <ClCompile Include="SDK\ClipboardExample.cpp">
      <Filter>SDK</Filter>
    </ClCompile>
    <ClCompile Include="SDK\Helpers.cpp">
      <Filter>SDK</Filter>
    </ClCompile>
    <ClCompile Include="ImGuiWin.cpp">
      <Filter>源文件</Filter>
    </ClCompile>
    <ClCompile Include="内存_本人相关.cpp">
      <Filter>内存功能</Filter>
    </ClCompile>
    <ClCompile Include="内存_UI相关.cpp">
      <Filter>内存功能</Filter>
    </ClCompile>
    <ClCompile Include="内存_背包相关.cpp">
      <Filter>内存功能</Filter>
    </ClCompile>
    <ClCompile Include="内存_地图相关.cpp">
      <Filter>内存功能</Filter>
    </ClCompile>
    <ClCompile Include="内存_登陆相关.cpp">
      <Filter>内存功能</Filter>
    </ClCompile>
    <ClCompile Include="内存_环境相关.cpp">
      <Filter>内存功能</Filter>
    </ClCompile>
    <ClCompile Include="内存_技能相关.cpp">
      <Filter>内存功能</Filter>
    </ClCompile>
    <ClCompile Include="内存_任务相关.cpp">
      <Filter>内存功能</Filter>
    </ClCompile>
    <ClCompile Include="全局变量.cpp">
      <Filter>数据声明</Filter>
    </ClCompile>
    <ClCompile Include="DbgPrint.cpp">
      <Filter>实用功能</Filter>
    </ClCompile>
    <ClCompile Include="FlowerDream.cpp">
      <Filter>实用功能</Filter>
    </ClCompile>
    <ClCompile Include="golbalApi.cpp">
      <Filter>实用功能</Filter>
    </ClCompile>
    <ClCompile Include="Thread.cpp">
      <Filter>实用功能</Filter>
    </ClCompile>
    <ClCompile Include="WMCopyData.cpp">
      <Filter>实用功能</Filter>
    </ClCompile>
    <ClCompile Include="通用功能.cpp">
      <Filter>实用功能</Filter>
    </ClCompile>
    <ClCompile Include="内存_通用数据.cpp">
      <Filter>内存功能</Filter>
    </ClCompile>
    <ClCompile Include="常量.cpp">
      <Filter>源文件</Filter>
    </ClCompile>
    <ClCompile Include="内存_新手相关.cpp">
      <Filter>内存功能</Filter>
    </ClCompile>
    <ClCompile Include="hook_api.cpp">
      <Filter>HOOK</Filter>
    </ClCompile>
    <ClCompile Include="dthookapi.cpp">
      <Filter>HOOK</Filter>
    </ClCompile>
    <ClCompile Include="游戏_主线.cpp">
      <Filter>游戏内容</Filter>
    </ClCompile>
    <ClCompile Include="配置读取.cpp">
      <Filter>源文件</Filter>
    </ClCompile>
    <ClCompile Include="内存_签到邮件.cpp">
      <Filter>内存功能</Filter>
    </ClCompile>
    <ClCompile Include="内存_NPC商店.cpp">
      <Filter>内存功能</Filter>
    </ClCompile>
    <ClCompile Include="内存_钓鱼相关.cpp">
      <Filter>内存功能</Filter>
    </ClCompile>
    <ClCompile Include="XHideDll.cpp">
      <Filter>源文件</Filter>
    </ClCompile>
    <ClCompile Include="内存_航海相关.cpp">
      <Filter>内存功能</Filter>
    </ClCompile>
    <ClCompile Include="内存_混沌副本相关.cpp">
      <Filter>内存功能</Filter>
    </ClCompile>
    <ClCompile Include="内存_能力刻印相关.cpp">
      <Filter>内存功能</Filter>
    </ClCompile>
    <ClCompile Include="MyCallFunction.cpp">
      <Filter>源文件</Filter>
    </ClCompile>
    <ClCompile Include="luaFunc.cpp">
      <Filter>Lua</Filter>
    </ClCompile>
    <ClCompile Include="常用功能.cpp">
      <Filter>源文件</Filter>
    </ClCompile>
    <ClCompile Include="内存_周常任务.cpp">
      <Filter>内存功能</Filter>
    </ClCompile>
  </ItemGroup>
</Project>